
Microsoft Visual Studio Solution File, Format Version 12.00
# Visual Studio 15
VisualStudioVersion = 15.0.28307.168
MinimumVisualStudioVersion = 10.0.40219.1
Project("{FAE04EC0-301F-11D3-BF4B-00C04F79EFBC}") = "ConsoleApp1", "ConsoleApp1.csproj", "{CEAAB010-84CB-42B0-A53D-C7DD8ADE7466}"
EndProject
Global
	GlobalSection(SolutionConfigurationPlatforms) = preSolution
		Debug|Any CPU = Debug|Any CPU
		Release|Any CPU = Release|Any CPU
	EndGlobalSection
	GlobalSection(ProjectConfigurationPlatforms) = postSolution
		{CEAAB010-84CB-42B0-A53D-C7DD8ADE7466}.Debug|Any CPU.ActiveCfg = Debug|Any CPU
		{CEAAB010-84CB-42B0-A53D-C7DD8ADE7466}.Debug|Any CPU.Build.0 = Debug|Any CPU
		{CEAAB010-84CB-42B0-A53D-C7DD8ADE7466}.Release|Any CPU.ActiveCfg = Release|Any CPU
		{CEAAB010-84CB-42B0-A53D-C7DD8ADE7466}.Release|Any CPU.Build.0 = Release|Any CPU
	EndGlobalSection
	GlobalSection(SolutionProperties) = preSolution
		HideSolutionNode = FALSE
	EndGlobalSection
	GlobalSection(ExtensibilityGlobals) = postSolution
		SolutionGuid = {8981C68F-5D39-4477-8FE6-8719A49ABDEA}
	EndGlobalSection
EndGlobal
